
Microsoft Visual Studio Solution File, Format Version 12.00
# Visual Studio 15
VisualStudioVersion = 15.0.26228.12
MinimumVisualStudioVersion = 10.0.40219.1
Project("{FAE04EC0-301F-11D3-BF4B-00C04F79EFBC}") = "Autoclave", "Autoclave\Autoclave.csproj", "{FF040C30-CF4B-4394-9D27-1E08966C0292}"
EndProject
Project("{FAE04EC0-301F-11D3-BF4B-00C04F79EFBC}") = "Launcher", "Launcher\Launcher.csproj", "{9B359D1F-0858-4167-AA72-5D6344596BB2}"
EndProject
Project("{FAE04EC0-301F-11D3-BF4B-00C04F79EFBC}") = "Autoclave_Nogui", "Autoclave_Nogui\Autoclave_Nogui.csproj", "{F7ACF87B-16A3-4B2E-AFE2-C30F165A7031}"
EndProject
Global
	GlobalSection(SolutionConfigurationPlatforms) = preSolution
		Debug|Any CPU = Debug|Any CPU
		Release|Any CPU = Release|Any CPU
	EndGlobalSection
	GlobalSection(ProjectConfigurationPlatforms) = postSolution
		{FF040C30-CF4B-4394-9D27-1E08966C0292}.Debug|Any CPU.ActiveCfg = Debug|Any CPU
		{FF040C30-CF4B-4394-9D27-1E08966C0292}.Debug|Any CPU.Build.0 = Debug|Any CPU
		{FF040C30-CF4B-4394-9D27-1E08966C0292}.Release|Any CPU.ActiveCfg = Release|Any CPU
		{FF040C30-CF4B-4394-9D27-1E08966C0292}.Release|Any CPU.Build.0 = Release|Any CPU
		{9B359D1F-0858-4167-AA72-5D6344596BB2}.Debug|Any CPU.ActiveCfg = Debug|Any CPU
		{9B359D1F-0858-4167-AA72-5D6344596BB2}.Debug|Any CPU.Build.0 = Debug|Any CPU
		{9B359D1F-0858-4167-AA72-5D6344596BB2}.Release|Any CPU.ActiveCfg = Release|Any CPU
		{9B359D1F-0858-4167-AA72-5D6344596BB2}.Release|Any CPU.Build.0 = Release|Any CPU
		{F7ACF87B-16A3-4B2E-AFE2-C30F165A7031}.Debug|Any CPU.ActiveCfg = Debug|Any CPU
		{F7ACF87B-16A3-4B2E-AFE2-C30F165A7031}.Debug|Any CPU.Build.0 = Debug|Any CPU
		{F7ACF87B-16A3-4B2E-AFE2-C30F165A7031}.Release|Any CPU.ActiveCfg = Release|Any CPU
		{F7ACF87B-16A3-4B2E-AFE2-C30F165A7031}.Release|Any CPU.Build.0 = Release|Any CPU
	EndGlobalSection
	GlobalSection(SolutionProperties) = preSolution
		HideSolutionNode = FALSE
	EndGlobalSection
EndGlobal
